
Microsoft Visual Studio Solution File, Format Version 12.00
# Visual Studio Version 17
VisualStudioVersion = 17.3.32825.248
MinimumVisualStudioVersion = 10.0.40219.1
Project("{FAE04EC0-301F-11D3-BF4B-00C04F79EFBC}") = "INotificationDataErrorInfoDemo", "INotificationDataErrorInfoDemo.csproj", "{764A2C0A-8E50-4D8A-9B51-7FC7459C95EF}"
EndProject
Global
	GlobalSection(SolutionConfigurationPlatforms) = preSolution
		Debug|Any CPU = Debug|Any CPU
		Release|Any CPU = Release|Any CPU
	EndGlobalSection
	GlobalSection(ProjectConfigurationPlatforms) = postSolution
		{764A2C0A-8E50-4D8A-9B51-7FC7459C95EF}.Debug|Any CPU.ActiveCfg = Debug|Any CPU
		{764A2C0A-8E50-4D8A-9B51-7FC7459C95EF}.Debug|Any CPU.Build.0 = Debug|Any CPU
		{764A2C0A-8E50-4D8A-9B51-7FC7459C95EF}.Release|Any CPU.ActiveCfg = Release|Any CPU
		{764A2C0A-8E50-4D8A-9B51-7FC7459C95EF}.Release|Any CPU.Build.0 = Release|Any CPU
	EndGlobalSection
	GlobalSection(SolutionProperties) = preSolution
		HideSolutionNode = FALSE
	EndGlobalSection
	GlobalSection(ExtensibilityGlobals) = postSolution
		SolutionGuid = {13FE7AAE-8A5F-41F8-8286-30E20B0EA404}
	EndGlobalSection
EndGlobal
