
Microsoft Visual Studio Solution File, Format Version 12.00
# Visual Studio Version 17
VisualStudioVersion = 17.3.32825.248
MinimumVisualStudioVersion = 10.0.40219.1
Project("{FAE04EC0-301F-11D3-BF4B-00C04F79EFBC}") = "Calendar", "Calendar.csproj", "{68F0E497-FBDA-4AB1-B2D3-BC77F1AB7732}"
EndProject
Global
	GlobalSection(SolutionConfigurationPlatforms) = preSolution
		Debug|Any CPU = Debug|Any CPU
		Release|Any CPU = Release|Any CPU
	EndGlobalSection
	GlobalSection(ProjectConfigurationPlatforms) = postSolution
		{68F0E497-FBDA-4AB1-B2D3-BC77F1AB7732}.Debug|Any CPU.ActiveCfg = Debug|Any CPU
		{68F0E497-FBDA-4AB1-B2D3-BC77F1AB7732}.Debug|Any CPU.Build.0 = Debug|Any CPU
		{68F0E497-FBDA-4AB1-B2D3-BC77F1AB7732}.Release|Any CPU.ActiveCfg = Release|Any CPU
		{68F0E497-FBDA-4AB1-B2D3-BC77F1AB7732}.Release|Any CPU.Build.0 = Release|Any CPU
	EndGlobalSection
	GlobalSection(SolutionProperties) = preSolution
		HideSolutionNode = FALSE
	EndGlobalSection
	GlobalSection(ExtensibilityGlobals) = postSolution
		SolutionGuid = {98A323A6-27F3-4191-A216-2647B5F2F825}
	EndGlobalSection
EndGlobal
