
Microsoft Visual Studio Solution File, Format Version 12.00
# Visual Studio Version 17
VisualStudioVersion = 17.3.32825.248
MinimumVisualStudioVersion = 10.0.40219.1
Project("{FAE04EC0-301F-11D3-BF4B-00C04F79EFBC}") = "DockPanelDemo", "DockPanelDemo.csproj", "{AC9AB244-F054-4969-82F2-A900BF8796A4}"
EndProject
Global
	GlobalSection(SolutionConfigurationPlatforms) = preSolution
		Debug|Any CPU = Debug|Any CPU
		Release|Any CPU = Release|Any CPU
	EndGlobalSection
	GlobalSection(ProjectConfigurationPlatforms) = postSolution
		{AC9AB244-F054-4969-82F2-A900BF8796A4}.Debug|Any CPU.ActiveCfg = Debug|Any CPU
		{AC9AB244-F054-4969-82F2-A900BF8796A4}.Debug|Any CPU.Build.0 = Debug|Any CPU
		{AC9AB244-F054-4969-82F2-A900BF8796A4}.Release|Any CPU.ActiveCfg = Release|Any CPU
		{AC9AB244-F054-4969-82F2-A900BF8796A4}.Release|Any CPU.Build.0 = Release|Any CPU
	EndGlobalSection
	GlobalSection(SolutionProperties) = preSolution
		HideSolutionNode = FALSE
	EndGlobalSection
	GlobalSection(ExtensibilityGlobals) = postSolution
		SolutionGuid = {0E193B73-A72E-42F1-A073-9E7966CCB049}
	EndGlobalSection
EndGlobal
