
Microsoft Visual Studio Solution File, Format Version 12.00
# Visual Studio Version 17
VisualStudioVersion = 17.3.32825.248
MinimumVisualStudioVersion = 10.0.40219.1
Project("{FAE04EC0-301F-11D3-BF4B-00C04F79EFBC}") = "ImageControl", "ImageControl.csproj", "{F9FBC409-9EC8-4F54-A2F8-0FB2C0E6DEEA}"
EndProject
Global
	GlobalSection(SolutionConfigurationPlatforms) = preSolution
		Debug|Any CPU = Debug|Any CPU
		Release|Any CPU = Release|Any CPU
	EndGlobalSection
	GlobalSection(ProjectConfigurationPlatforms) = postSolution
		{F9FBC409-9EC8-4F54-A2F8-0FB2C0E6DEEA}.Debug|Any CPU.ActiveCfg = Debug|Any CPU
		{F9FBC409-9EC8-4F54-A2F8-0FB2C0E6DEEA}.Debug|Any CPU.Build.0 = Debug|Any CPU
		{F9FBC409-9EC8-4F54-A2F8-0FB2C0E6DEEA}.Release|Any CPU.ActiveCfg = Release|Any CPU
		{F9FBC409-9EC8-4F54-A2F8-0FB2C0E6DEEA}.Release|Any CPU.Build.0 = Release|Any CPU
	EndGlobalSection
	GlobalSection(SolutionProperties) = preSolution
		HideSolutionNode = FALSE
	EndGlobalSection
	GlobalSection(ExtensibilityGlobals) = postSolution
		SolutionGuid = {6F0051C4-932B-45BB-85A5-A689394E114F}
	EndGlobalSection
EndGlobal
