
Microsoft Visual Studio Solution File, Format Version 12.00
# Visual Studio Version 17
VisualStudioVersion = 17.3.32825.248
MinimumVisualStudioVersion = 10.0.40219.1
Project("{FAE04EC0-301F-11D3-BF4B-00C04F79EFBC}") = "MVVMDialogs", "MVVMDialogs.csproj", "{A01347FA-392A-494C-85B6-2BC4AB6B86A6}"
EndProject
Global
	GlobalSection(SolutionConfigurationPlatforms) = preSolution
		Debug|Any CPU = Debug|Any CPU
		Release|Any CPU = Release|Any CPU
	EndGlobalSection
	GlobalSection(ProjectConfigurationPlatforms) = postSolution
		{A01347FA-392A-494C-85B6-2BC4AB6B86A6}.Debug|Any CPU.ActiveCfg = Debug|Any CPU
		{A01347FA-392A-494C-85B6-2BC4AB6B86A6}.Debug|Any CPU.Build.0 = Debug|Any CPU
		{A01347FA-392A-494C-85B6-2BC4AB6B86A6}.Release|Any CPU.ActiveCfg = Release|Any CPU
		{A01347FA-392A-494C-85B6-2BC4AB6B86A6}.Release|Any CPU.Build.0 = Release|Any CPU
	EndGlobalSection
	GlobalSection(SolutionProperties) = preSolution
		HideSolutionNode = FALSE
	EndGlobalSection
	GlobalSection(ExtensibilityGlobals) = postSolution
		SolutionGuid = {9904F6BE-E0AA-4CA7-A838-BE1EE85E43D3}
	EndGlobalSection
EndGlobal
